
Microsoft Visual Studio Solution File, Format Version 12.00
# Visual Studio Version 16
VisualStudioVersion = 16.0.31005.135
MinimumVisualStudioVersion = 10.0.40219.1
Project("{FAE04EC0-301F-11D3-BF4B-00C04F79EFBC}") = "RPSLab1", "RPSLab1\RPSLab1.csproj", "{6A3954AD-8919-4FC1-BF72-95DE18683CF8}"
EndProject
Project("{FAE04EC0-301F-11D3-BF4B-00C04F79EFBC}") = "RPSLab1UnitTests", "RPSLab1UnitTests\RPSLab1UnitTests.csproj", "{338C6713-FA24-4583-8E59-FBC991331AB6}"
EndProject
Global
	GlobalSection(SolutionConfigurationPlatforms) = preSolution
		Debug|Any CPU = Debug|Any CPU
		Release|Any CPU = Release|Any CPU
	EndGlobalSection
	GlobalSection(ProjectConfigurationPlatforms) = postSolution
		{6A3954AD-8919-4FC1-BF72-95DE18683CF8}.Debug|Any CPU.ActiveCfg = Debug|Any CPU
		{6A3954AD-8919-4FC1-BF72-95DE18683CF8}.Debug|Any CPU.Build.0 = Debug|Any CPU
		{6A3954AD-8919-4FC1-BF72-95DE18683CF8}.Release|Any CPU.ActiveCfg = Release|Any CPU
		{6A3954AD-8919-4FC1-BF72-95DE18683CF8}.Release|Any CPU.Build.0 = Release|Any CPU
		{338C6713-FA24-4583-8E59-FBC991331AB6}.Debug|Any CPU.ActiveCfg = Debug|Any CPU
		{338C6713-FA24-4583-8E59-FBC991331AB6}.Debug|Any CPU.Build.0 = Debug|Any CPU
		{338C6713-FA24-4583-8E59-FBC991331AB6}.Release|Any CPU.ActiveCfg = Release|Any CPU
		{338C6713-FA24-4583-8E59-FBC991331AB6}.Release|Any CPU.Build.0 = Release|Any CPU
	EndGlobalSection
	GlobalSection(SolutionProperties) = preSolution
		HideSolutionNode = FALSE
	EndGlobalSection
	GlobalSection(ExtensibilityGlobals) = postSolution
		SolutionGuid = {3B61692E-21D9-4406-90E9-7ADFA8CC2EEB}
	EndGlobalSection
EndGlobal
